{
  "name": "npm-fretboard-demo",
  "lockfileVersion": 2,
  "requires": true,
  "packages": {
    "": {
      "dependencies": {
        "@jasonfleischer/fretboard": "^1.0.0"
      }
    },
    "node_modules/@jasonfleischer/fretboard": {
      "version": "1.0.2",
      "resolved": "https://registry.npmjs.org/@jasonfleischer/fretboard/-/fretboard-1.0.2.tgz",
      "integrity": "sha512-+/G7u02XIxLv5ClCp1JAkzHK/ZnVZmJIrWgcQB2gZRbbEtvlmd31Awh9CUYgdF7QkVL7i2ZBAyEsyRo+5uAXCw==",
      "dependencies": {
        "@jasonfleischer/log": "^1.0.1",
        "@jasonfleischer/music-model-kit": "^1.0.1"
      },
      "funding": {
        "type": "individual",
        "url": "https://ko-fi.com/jasonfleischer"
      }
    },
    "node_modules/@jasonfleischer/log": {
      "version": "1.0.8",
      "resolved": "https://registry.npmjs.org/@jasonfleischer/log/-/log-1.0.8.tgz",
      "integrity": "sha512-P+CKYOlwVISgn0GMHBW7udf1spZ5Ins6YBDJO/Lu6LdEZj2WPawyv6t3SudstjNimHX6yKav+RLsc88pSVzehQ==",
      "funding": {
        "type": "individual",
        "url": "https://ko-fi.com/jasonfleischer"
      }
    },
    "node_modules/@jasonfleischer/music-model-kit": {
      "version": "1.0.6",
      "resolved": "https://registry.npmjs.org/@jasonfleischer/music-model-kit/-/music-model-kit-1.0.6.tgz",
      "integrity": "sha512-KRzmx0uoWcY1g4l9TZVSCt08+R/DfOMijpmAoVgWyZvO1mNiX0qZpqLubg+4ZFNw+ZE2T9+XcBaSM0r/V1woQA=="
    }
  },
  "dependencies": {
    "@jasonfleischer/fretboard": {
      "version": "1.0.2",
      "resolved": "https://registry.npmjs.org/@jasonfleischer/fretboard/-/fretboard-1.0.2.tgz",
      "integrity": "sha512-+/G7u02XIxLv5ClCp1JAkzHK/ZnVZmJIrWgcQB2gZRbbEtvlmd31Awh9CUYgdF7QkVL7i2ZBAyEsyRo+5uAXCw==",
      "requires": {
        "@jasonfleischer/log": "^1.0.1",
        "@jasonfleischer/music-model-kit": "^1.0.1"
      }
    },
    "@jasonfleischer/log": {
      "version": "1.0.8",
      "resolved": "https://registry.npmjs.org/@jasonfleischer/log/-/log-1.0.8.tgz",
      "integrity": "sha512-P+CKYOlwVISgn0GMHBW7udf1spZ5Ins6YBDJO/Lu6LdEZj2WPawyv6t3SudstjNimHX6yKav+RLsc88pSVzehQ=="
    },
    "@jasonfleischer/music-model-kit": {
      "version": "1.0.6",
      "resolved": "https://registry.npmjs.org/@jasonfleischer/music-model-kit/-/music-model-kit-1.0.6.tgz",
      "integrity": "sha512-KRzmx0uoWcY1g4l9TZVSCt08+R/DfOMijpmAoVgWyZvO1mNiX0qZpqLubg+4ZFNw+ZE2T9+XcBaSM0r/V1woQA=="
    }
  }
}
